
Microsoft Visual Studio Solution File, Format Version 12.00
# Visual Studio 14
VisualStudioVersion = 14.0.25420.1
MinimumVisualStudioVersion = 10.0.40219.1
Project("{FAE04EC0-301F-11D3-BF4B-00C04F79EFBC}") = "IoCContainer", "IoCContainer\IoCContainer.csproj", "{52274050-FECF-445F-A54A-6508F4A5DA33}"
EndProject
Project("{FAE04EC0-301F-11D3-BF4B-00C04F79EFBC}") = "UnitTest", "UnitTest\UnitTest.csproj", "{AAD6B7F4-BD25-4B8D-AE51-25E0DBE5616E}"
EndProject
Global
	GlobalSection(SolutionConfigurationPlatforms) = preSolution
		Debug|Any CPU = Debug|Any CPU
		Debug|ARM = Debug|ARM
		Debug|x64 = Debug|x64
		Debug|x86 = Debug|x86
		Release|Any CPU = Release|Any CPU
		Release|ARM = Release|ARM
		Release|x64 = Release|x64
		Release|x86 = Release|x86
	EndGlobalSection
	GlobalSection(ProjectConfigurationPlatforms) = postSolution
		{52274050-FECF-445F-A54A-6508F4A5DA33}.Debug|Any CPU.ActiveCfg = Debug|Any CPU
		{52274050-FECF-445F-A54A-6508F4A5DA33}.Debug|Any CPU.Build.0 = Debug|Any CPU
		{52274050-FECF-445F-A54A-6508F4A5DA33}.Debug|ARM.ActiveCfg = Debug|Any CPU
		{52274050-FECF-445F-A54A-6508F4A5DA33}.Debug|ARM.Build.0 = Debug|Any CPU
		{52274050-FECF-445F-A54A-6508F4A5DA33}.Debug|x64.ActiveCfg = Debug|Any CPU
		{52274050-FECF-445F-A54A-6508F4A5DA33}.Debug|x64.Build.0 = Debug|Any CPU
		{52274050-FECF-445F-A54A-6508F4A5DA33}.Debug|x86.ActiveCfg = Debug|Any CPU
		{52274050-FECF-445F-A54A-6508F4A5DA33}.Debug|x86.Build.0 = Debug|Any CPU
		{52274050-FECF-445F-A54A-6508F4A5DA33}.Release|Any CPU.ActiveCfg = Release|Any CPU
		{52274050-FECF-445F-A54A-6508F4A5DA33}.Release|Any CPU.Build.0 = Release|Any CPU
		{52274050-FECF-445F-A54A-6508F4A5DA33}.Release|ARM.ActiveCfg = Release|Any CPU
		{52274050-FECF-445F-A54A-6508F4A5DA33}.Release|ARM.Build.0 = Release|Any CPU
		{52274050-FECF-445F-A54A-6508F4A5DA33}.Release|x64.ActiveCfg = Release|Any CPU
		{52274050-FECF-445F-A54A-6508F4A5DA33}.Release|x64.Build.0 = Release|Any CPU
		{52274050-FECF-445F-A54A-6508F4A5DA33}.Release|x86.ActiveCfg = Release|Any CPU
		{52274050-FECF-445F-A54A-6508F4A5DA33}.Release|x86.Build.0 = Release|Any CPU
		{AAD6B7F4-BD25-4B8D-AE51-25E0DBE5616E}.Debug|Any CPU.ActiveCfg = Debug|Any CPU
		{AAD6B7F4-BD25-4B8D-AE51-25E0DBE5616E}.Debug|Any CPU.Build.0 = Debug|Any CPU
		{AAD6B7F4-BD25-4B8D-AE51-25E0DBE5616E}.Debug|ARM.ActiveCfg = Debug|Any CPU
		{AAD6B7F4-BD25-4B8D-AE51-25E0DBE5616E}.Debug|ARM.Build.0 = Debug|Any CPU
		{AAD6B7F4-BD25-4B8D-AE51-25E0DBE5616E}.Debug|x64.ActiveCfg = Debug|Any CPU
		{AAD6B7F4-BD25-4B8D-AE51-25E0DBE5616E}.Debug|x64.Build.0 = Debug|Any CPU
		{AAD6B7F4-BD25-4B8D-AE51-25E0DBE5616E}.Debug|x86.ActiveCfg = Debug|Any CPU
		{AAD6B7F4-BD25-4B8D-AE51-25E0DBE5616E}.Debug|x86.Build.0 = Debug|Any CPU
		{AAD6B7F4-BD25-4B8D-AE51-25E0DBE5616E}.Release|Any CPU.ActiveCfg = Release|Any CPU
		{AAD6B7F4-BD25-4B8D-AE51-25E0DBE5616E}.Release|Any CPU.Build.0 = Release|Any CPU
		{AAD6B7F4-BD25-4B8D-AE51-25E0DBE5616E}.Release|ARM.ActiveCfg = Release|Any CPU
		{AAD6B7F4-BD25-4B8D-AE51-25E0DBE5616E}.Release|ARM.Build.0 = Release|Any CPU
		{AAD6B7F4-BD25-4B8D-AE51-25E0DBE5616E}.Release|x64.ActiveCfg = Release|Any CPU
		{AAD6B7F4-BD25-4B8D-AE51-25E0DBE5616E}.Release|x64.Build.0 = Release|Any CPU
		{AAD6B7F4-BD25-4B8D-AE51-25E0DBE5616E}.Release|x86.ActiveCfg = Release|Any CPU
		{AAD6B7F4-BD25-4B8D-AE51-25E0DBE5616E}.Release|x86.Build.0 = Release|Any CPU
	EndGlobalSection
	GlobalSection(SolutionProperties) = preSolution
		HideSolutionNode = FALSE
	EndGlobalSection
EndGlobal
